// !$*UTF8*$!
{
	archiveVersion = 1;
	classes = {
	};
	objectVersion = 55;
	objects = {

/* Begin PBXBuildFile section */
		D87EDF6828859D1900999DE6 /* BillboardooApp.swift in Sources */ = {isa = PBXBuildFile; fileRef = D87EDF6728859D1900999DE6 /* BillboardooApp.swift */; };
		D87EDF6A28859D1900999DE6 /* ContentView.swift in Sources */ = {isa = PBXBuildFile; fileRef = D87EDF6928859D1900999DE6 /* ContentView.swift */; };
		D87EDF6C28859D1A00999DE6 /* Assets.xcassets in Resources */ = {isa = PBXBuildFile; fileRef = D87EDF6B28859D1A00999DE6 /* Assets.xcassets */; };
		D87EDF6F28859D1A00999DE6 /* Preview Assets.xcassets in Resources */ = {isa = PBXBuildFile; fileRef = D87EDF6E28859D1A00999DE6 /* Preview Assets.xcassets */; };
		D87EDF7928859D1A00999DE6 /* BillboardooTests.swift in Sources */ = {isa = PBXBuildFile; fileRef = D87EDF7828859D1A00999DE6 /* BillboardooTests.swift */; };
		D87EDF8328859D1A00999DE6 /* BillboardooUITests.swift in Sources */ = {isa = PBXBuildFile; fileRef = D87EDF8228859D1A00999DE6 /* BillboardooUITests.swift */; };
		D87EDF8528859D1A00999DE6 /* BillboardooUITestsLaunchTests.swift in Sources */ = {isa = PBXBuildFile; fileRef = D87EDF8428859D1A00999DE6 /* BillboardooUITestsLaunchTests.swift */; };
/* End PBXBuildFile section */

/* Begin PBXContainerItemProxy section */
		D87EDF7528859D1A00999DE6 /* PBXContainerItemProxy */ = {
			isa = PBXContainerItemProxy;
			containerPortal = D87EDF5C28859D1900999DE6 /* Project object */;
			proxyType = 1;
			remoteGlobalIDString = D87EDF6328859D1900999DE6;
			remoteInfo = Billboardoo;
		};
		D87EDF7F28859D1A00999DE6 /* PBXContainerItemProxy */ = {
			isa = PBXContainerItemProxy;
			containerPortal = D87EDF5C28859D1900999DE6 /* Project object */;
			proxyType = 1;
			remoteGlobalIDString = D87EDF6328859D1900999DE6;
			remoteInfo = Billboardoo;
		};
/* End PBXContainerItemProxy section */

/* Begin PBXFileReference section */
		D87EDF6428859D1900999DE6 /* Billboardoo.app */ = {isa = PBXFileReference; explicitFileType = wrapper.application; includeInIndex = 0; path = Billboardoo.app; sourceTree = BUILT_PRODUCTS_DIR; };
		D87EDF6728859D1900999DE6 /* BillboardooApp.swift */ = {isa = PBXFileReference; lastKnownFileType = sourcecode.swift; path = BillboardooApp.swift; sourceTree = "<group>"; };
		D87EDF6928859D1900999DE6 /* ContentView.swift */ = {isa = PBXFileReference; lastKnownFileType = sourcecode.swift; path = ContentView.swift; sourceTree = "<group>"; };
		D87EDF6B28859D1A00999DE6 /* Assets.xcassets */ = {isa = PBXFileReference; lastKnownFileType = folder.assetcatalog; path = Assets.xcassets; sourceTree = "<group>"; };
		D87EDF6E28859D1A00999DE6 /* Preview Assets.xcassets */ = {isa = PBXFileReference; lastKnownFileType = folder.assetcatalog; path = "Preview Assets.xcassets"; sourceTree = "<group>"; };
		D87EDF7428859D1A00999DE6 /* BillboardooTests.xctest */ = {isa = PBXFileReference; explicitFileType = wrapper.cfbundle; includeInIndex = 0; path = BillboardooTests.xctest; sourceTree = BUILT_PRODUCTS_DIR; };
		D87EDF7828859D1A00999DE6 /* BillboardooTests.swift */ = {isa = PBXFileReference; lastKnownFileType = sourcecode.swift; path = BillboardooTests.swift; sourceTree = "<group>"; };
		D87EDF7E28859D1A00999DE6 /* BillboardooUITests.xctest */ = {isa = PBXFileReference; explicitFileType = wrapper.cfbundle; includeInIndex = 0; path = BillboardooUITests.xctest; sourceTree = BUILT_PRODUCTS_DIR; };
		D87EDF8228859D1A00999DE6 /* BillboardooUITests.swift */ = {isa = PBXFileReference; lastKnownFileType = sourcecode.swift; path = BillboardooUITests.swift; sourceTree = "<group>"; };
		D87EDF8428859D1A00999DE6 /* BillboardooUITestsLaunchTests.swift */ = {isa = PBXFileReference; lastKnownFileType = sourcecode.swift; path = BillboardooUITestsLaunchTests.swift; sourceTree = "<group>"; };
/* End PBXFileReference section */

/* Begin PBXFrameworksBuildPhase section */
		D87EDF6128859D1900999DE6 /* Frameworks */ = {
			isa = PBXFrameworksBuildPhase;
			buildActionMask = 2147483647;
			files = (
			);
			runOnlyForDeploymentPostprocessing = 0;
		};
		D87EDF7128859D1A00999DE6 /* Frameworks */ = {
			isa = PBXFrameworksBuildPhase;
			buildActionMask = 2147483647;
			files = (
			);
			runOnlyForDeploymentPostprocessing = 0;
		};
		D87EDF7B28859D1A00999DE6 /* Frameworks */ = {
			isa = PBXFrameworksBuildPhase;
			buildActionMask = 2147483647;
			files = (
			);
			runOnlyForDeploymentPostprocessing = 0;
		};
/* End PBXFrameworksBuildPhase section */

/* Begin PBXGroup section */
		D87EDF5B28859D1900999DE6 = {
			isa = PBXGroup;
			children = (
				D87EDF6628859D1900999DE6 /* Billboardoo */,
				D87EDF7728859D1A00999DE6 /* BillboardooTests */,
				D87EDF8128859D1A00999DE6 /* BillboardooUITests */,
				D87EDF6528859D1900999DE6 /* Products */,
			);
			sourceTree = "<group>";
		};
		D87EDF6528859D1900999DE6 /* Products */ = {
			isa = PBXGroup;
			children = (
				D87EDF6428859D1900999DE6 /* Billboardoo.app */,
				D87EDF7428859D1A00999DE6 /* BillboardooTests.xctest */,
				D87EDF7E28859D1A00999DE6 /* BillboardooUITests.xctest */,
			);
			name = Products;
			sourceTree = "<group>";
		};
		D87EDF6628859D1900999DE6 /* Billboardoo */ = {
			isa = PBXGroup;
			children = (
				D87EDF6728859D1900999DE6 /* BillboardooApp.swift */,
				D87EDF6928859D1900999DE6 /* ContentView.swift */,
				D87EDF6B28859D1A00999DE6 /* Assets.xcassets */,
				D87EDF6D28859D1A00999DE6 /* Preview Content */,
			);
			path = Billboardoo;
			sourceTree = "<group>";
		};
		D87EDF6D28859D1A00999DE6 /* Preview Content */ = {
			isa = PBXGroup;
			children = (
				D87EDF6E28859D1A00999DE6 /* Preview Assets.xcassets */,
			);
			path = "Preview Content";
			sourceTree = "<group>";
		};
		D87EDF7728859D1A00999DE6 /* BillboardooTests */ = {
			isa = PBXGroup;
			children = (
				D87EDF7828859D1A00999DE6 /* BillboardooTests.swift */,
			);
			path = BillboardooTests;
			sourceTree = "<group>";
		};
		D87EDF8128859D1A00999DE6 /* BillboardooUITests */ = {
			isa = PBXGroup;
			children = (
				D87EDF8228859D1A00999DE6 /* BillboardooUITests.swift */,
				D87EDF8428859D1A00999DE6 /* BillboardooUITestsLaunchTests.swift */,
			);
			path = BillboardooUITests;
			sourceTree = "<group>";
		};
/* End PBXGroup section */

/* Begin PBXNativeTarget section */
		D87EDF6328859D1900999DE6 /* Billboardoo */ = {
			isa = PBXNativeTarget;
			buildConfigurationList = D87EDF8828859D1A00999DE6 /* Build configuration list for PBXNativeTarget "Billboardoo" */;
			buildPhases = (
				D87EDF6028859D1900999DE6 /* Sources */,
				D87EDF6128859D1900999DE6 /* Frameworks */,
				D87EDF6228859D1900999DE6 /* Resources */,
			);
			buildRules = (
			);
			dependencies = (
			);
			name = Billboardoo;
			productName = Billboardoo;
			productReference = D87EDF6428859D1900999DE6 /* Billboardoo.app */;
			productType = "com.apple.product-type.application";
		};
		D87EDF7328859D1A00999DE6 /* BillboardooTests */ = {
			isa = PBXNativeTarget;
			buildConfigurationList = D87EDF8B28859D1A00999DE6 /* Build configuration list for PBXNativeTarget "BillboardooTests" */;
			buildPhases = (
				D87EDF7028859D1A00999DE6 /* Sources */,
				D87EDF7128859D1A00999DE6 /* Frameworks */,
				D87EDF7228859D1A00999DE6 /* Resources */,
			);
			buildRules = (
			);
			dependencies = (
				D87EDF7628859D1A00999DE6 /* PBXTargetDependency */,
			);
			name = BillboardooTests;
			productName = BillboardooTests;
			productReference = D87EDF7428859D1A00999DE6 /* BillboardooTests.xctest */;
			productType = "com.apple.product-type.bundle.unit-test";
		};
		D87EDF7D28859D1A00999DE6 /* BillboardooUITests */ = {
			isa = PBXNativeTarget;
			buildConfigurationList = D87EDF8E28859D1A00999DE6 /* Build configuration list for PBXNativeTarget "BillboardooUITests" */;
			buildPhases = (
				D87EDF7A28859D1A00999DE6 /* Sources */,
				D87EDF7B28859D1A00999DE6 /* Frameworks */,
				D87EDF7C28859D1A00999DE6 /* Resources */,
			);
			buildRules = (
			);
			dependencies = (
				D87EDF8028859D1A00999DE6 /* PBXTargetDependency */,
			);
			name = BillboardooUITests;
			productName = BillboardooUITests;
			productReference = D87EDF7E28859D1A00999DE6 /* BillboardooUITests.xctest */;
			productType = "com.apple.product-type.bundle.ui-testing";
		};
/* End PBXNativeTarget section */

/* Begin PBXProject section */
		D87EDF5C28859D1900999DE6 /* Project object */ = {
			isa = PBXProject;
			attributes = {
				BuildIndependentTargetsInParallel = 1;
				LastSwiftUpdateCheck = 1340;
				LastUpgradeCheck = 1340;
				TargetAttributes = {
					D87EDF6328859D1900999DE6 = {
						CreatedOnToolsVersion = 13.4.1;
					};
					D87EDF7328859D1A00999DE6 = {
						CreatedOnToolsVersion = 13.4.1;
						TestTargetID = D87EDF6328859D1900999DE6;
					};
					D87EDF7D28859D1A00999DE6 = {
						CreatedOnToolsVersion = 13.4.1;
						TestTargetID = D87EDF6328859D1900999DE6;
					};
				};
			};
			buildConfigurationList = D87EDF5F28859D1900999DE6 /* Build configuration list for PBXProject "Billboardoo" */;
			compatibilityVersion = "Xcode 13.0";
			developmentRegion = en;
			hasScannedForEncodings = 0;
			knownRegions = (
				en,
				Base,
			);
			mainGroup = D87EDF5B28859D1900999DE6;
			productRefGroup = D87EDF6528859D1900999DE6 /* Products */;
			projectDirPath = "";
			projectRoot = "";
			targets = (
				D87EDF6328859D1900999DE6 /* Billboardoo */,
				D87EDF7328859D1A00999DE6 /* BillboardooTests */,
				D87EDF7D28859D1A00999DE6 /* BillboardooUITests */,
			);
		};
/* End PBXProject section */

/* Begin PBXResourcesBuildPhase section */
		D87EDF6228859D1900999DE6 /* Resources */ = {
			isa = PBXResourcesBuildPhase;
			buildActionMask = 2147483647;
			files = (
				D87EDF6F28859D1A00999DE6 /* Preview Assets.xcassets in Resources */,
				D87EDF6C28859D1A00999DE6 /* Assets.xcassets in Resources */,
			);
			runOnlyForDeploymentPostprocessing = 0;
		};
		D87EDF7228859D1A00999DE6 /* Resources */ = {
			isa = PBXResourcesBuildPhase;
			buildActionMask = 2147483647;
			files = (
			);
			runOnlyForDeploymentPostprocessing = 0;
		};
		D87EDF7C28859D1A00999DE6 /* Resources */ = {
			isa = PBXResourcesBuildPhase;
			buildActionMask = 2147483647;
			files = (
			);
			runOnlyForDeploymentPostprocessing = 0;
		};
/* End PBXResourcesBuildPhase section */

/* Begin PBXSourcesBuildPhase section */
		D87EDF6028859D1900999DE6 /* Sources */ = {
			isa = PBXSourcesBuildPhase;
			buildActionMask = 2147483647;
			files = (
				D87EDF6A28859D1900999DE6 /* ContentView.swift in Sources */,
				D87EDF6828859D1900999DE6 /* BillboardooApp.swift in Sources */,
			);
			runOnlyForDeploymentPostprocessing = 0;
		};
		D87EDF7028859D1A00999DE6 /* Sources */ = {
			isa = PBXSourcesBuildPhase;
			buildActionMask = 2147483647;
			files = (
				D87EDF7928859D1A00999DE6 /* BillboardooTests.swift in Sources */,
			);
			runOnlyForDeploymentPostprocessing = 0;
		};
		D87EDF7A28859D1A00999DE6 /* Sources */ = {
			isa = PBXSourcesBuildPhase;
			buildActionMask = 2147483647;
			files = (
				D87EDF8528859D1A00999DE6 /* BillboardooUITestsLaunchTests.swift in Sources */,
				D87EDF8328859D1A00999DE6 /* BillboardooUITests.swift in Sources */,
			);
			runOnlyForDeploymentPostprocessing = 0;
		};
/* End PBXSourcesBuildPhase section */

/* Begin PBXTargetDependency section */
		D87EDF7628859D1A00999DE6 /* PBXTargetDependency */ = {
			isa = PBXTargetDependency;
			target = D87EDF6328859D1900999DE6 /* Billboardoo */;
			targetProxy = D87EDF7528859D1A00999DE6 /* PBXContainerItemProxy */;
		};
		D87EDF8028859D1A00999DE6 /* PBXTargetDependency */ = {
			isa = PBXTargetDependency;
			target = D87EDF6328859D1900999DE6 /* Billboardoo */;
			targetProxy = D87EDF7F28859D1A00999DE6 /* PBXContainerItemProxy */;
		};
/* End PBXTargetDependency section */

/* Begin XCBuildConfiguration section */
		D87EDF8628859D1A00999DE6 /* Debug */ = {
			isa = XCBuildConfiguration;
			buildSettings = {
				ALWAYS_SEARCH_USER_PATHS = NO;
				CLANG_ANALYZER_NONNULL = YES;
				CLANG_ANALYZER_NUMBER_OBJECT_CONVERSION = YES_AGGRESSIVE;
				CLANG_CXX_LANGUAGE_STANDARD = "gnu++17";
				CLANG_ENABLE_MODULES = YES;
				CLANG_ENABLE_OBJC_ARC = YES;
				CLANG_ENABLE_OBJC_WEAK = YES;
				CLANG_WARN_BLOCK_CAPTURE_AUTORELEASING = YES;
				CLANG_WARN_BOOL_CONVERSION = YES;
				CLANG_WARN_COMMA = YES;
				CLANG_WARN_CONSTANT_CONVERSION = YES;
				CLANG_WARN_DEPRECATED_OBJC_IMPLEMENTATIONS = YES;
				CLANG_WARN_DIRECT_OBJC_ISA_USAGE = YES_ERROR;
				CLANG_WARN_DOCUMENTATION_COMMENTS = YES;
				CLANG_WARN_EMPTY_BODY = YES;
				CLANG_WARN_ENUM_CONVERSION = YES;
				CLANG_WARN_INFINITE_RECURSION = YES;
				CLANG_WARN_INT_CONVERSION = YES;
				CLANG_WARN_NON_LITERAL_NULL_CONVERSION = YES;
				CLANG_WARN_OBJC_IMPLICIT_RETAIN_SELF = YES;
				CLANG_WARN_OBJC_LITERAL_CONVERSION = YES;
				CLANG_WARN_OBJC_ROOT_CLASS = YES_ERROR;
				CLANG_WARN_QUOTED_INCLUDE_IN_FRAMEWORK_HEADER = YES;
				CLANG_WARN_RANGE_LOOP_ANALYSIS = YES;
				CLANG_WARN_STRICT_PROTOTYPES = YES;
				CLANG_WARN_SUSPICIOUS_MOVE = YES;
				CLANG_WARN_UNGUARDED_AVAILABILITY = YES_AGGRESSIVE;
				CLANG_WARN_UNREACHABLE_CODE = YES;
				CLANG_WARN__DUPLICATE_METHOD_MATCH = YES;
				COPY_PHASE_STRIP = NO;
				DEBUG_INFORMATION_FORMAT = dwarf;
				ENABLE_STRICT_OBJC_MSGSEND = YES;
				ENABLE_TESTABILITY = YES;
				GCC_C_LANGUAGE_STANDARD = gnu11;
				GCC_DYNAMIC_NO_PIC = NO;
				GCC_NO_COMMON_BLOCKS = YES;
				GCC_OPTIMIZATION_LEVEL = 0;
				GCC_PREPROCESSOR_DEFINITIONS = (
					"DEBUG=1",
					"$(inherited)",
				);
				GCC_WARN_64_TO_32_BIT_CONVERSION = YES;
				GCC_WARN_ABOUT_RETURN_TYPE = YES_ERROR;
				GCC_WARN_UNDECLARED_SELECTOR = YES;
				GCC_WARN_UNINITIALIZED_AUTOS = YES_AGGRESSIVE;
				GCC_WARN_UNUSED_FUNCTION = YES;
				GCC_WARN_UNUSED_VARIABLE = YES;
				IPHONEOS_DEPLOYMENT_TARGET = 15.5;
				MTL_ENABLE_DEBUG_INFO = INCLUDE_SOURCE;
				MTL_FAST_MATH = YES;
				ONLY_ACTIVE_ARCH = YES;
				SDKROOT = iphoneos;
				SWIFT_ACTIVE_COMPILATION_CONDITIONS = DEBUG;
				SWIFT_OPTIMIZATION_LEVEL = "-Onone";
			};
			name = Debug;
		};
		D87EDF8728859D1A00999DE6 /* Release */ = {
			isa = XCBuildConfiguration;
			buildSettings = {
				ALWAYS_SEARCH_USER_PATHS = NO;
				CLANG_ANALYZER_NONNULL = YES;
				CLANG_ANALYZER_NUMBER_OBJECT_CONVERSION = YES_AGGRESSIVE;
				CLANG_CXX_LANGUAGE_STANDARD = "gnu++17";
				CLANG_ENABLE_MODULES = YES;
				CLANG_ENABLE_OBJC_ARC = YES;
				CLANG_ENABLE_OBJC_WEAK = YES;
				CLANG_WARN_BLOCK_CAPTURE_AUTORELEASING = YES;
				CLANG_WARN_BOOL_CONVERSION = YES;
				CLANG_WARN_COMMA = YES;
				CLANG_WARN_CONSTANT_CONVERSION = YES;
				CLANG_WARN_DEPRECATED_OBJC_IMPLEMENTATIONS = YES;
				CLANG_WARN_DIRECT_OBJC_ISA_USAGE = YES_ERROR;
				CLANG_WARN_DOCUMENTATION_COMMENTS = YES;
				CLANG_WARN_EMPTY_BODY = YES;
				CLANG_WARN_ENUM_CONVERSION = YES;
				CLANG_WARN_INFINITE_RECURSION = YES;
				CLANG_WARN_INT_CONVERSION = YES;
				CLANG_WARN_NON_LITERAL_NULL_CONVERSION = YES;
				CLANG_WARN_OBJC_IMPLICIT_RETAIN_SELF = YES;
				CLANG_WARN_OBJC_LITERAL_CONVERSION = YES;
				CLANG_WARN_OBJC_ROOT_CLASS = YES_ERROR;
				CLANG_WARN_QUOTED_INCLUDE_IN_FRAMEWORK_HEADER = YES;
				CLANG_WARN_RANGE_LOOP_ANALYSIS = YES;
				CLANG_WARN_STRICT_PROTOTYPES = YES;
				CLANG_WARN_SUSPICIOUS_MOVE = YES;
				CLANG_WARN_UNGUARDED_AVAILABILITY = YES_AGGRESSIVE;
				CLANG_WARN_UNREACHABLE_CODE = YES;
				CLANG_WARN__DUPLICATE_METHOD_MATCH = YES;
				COPY_PHASE_STRIP = NO;
				DEBUG_INFORMATION_FORMAT = "dwarf-with-dsym";
				ENABLE_NS_ASSERTIONS = NO;
				ENABLE_STRICT_OBJC_MSGSEND = YES;
				GCC_C_LANGUAGE_STANDARD = gnu11;
				GCC_NO_COMMON_BLOCKS = YES;
				GCC_WARN_64_TO_32_BIT_CONVERSION = YES;
				GCC_WARN_ABOUT_RETURN_TYPE = YES_ERROR;
				GCC_WARN_UNDECLARED_SELECTOR = YES;
				GCC_WARN_UNINITIALIZED_AUTOS = YES_AGGRESSIVE;
				GCC_WARN_UNUSED_FUNCTION = YES;
				GCC_WARN_UNUSED_VARIABLE = YES;
				IPHONEOS_DEPLOYMENT_TARGET = 15.5;
				MTL_ENABLE_DEBUG_INFO = NO;
				MTL_FAST_MATH = YES;
				SDKROOT = iphoneos;
				SWIFT_COMPILATION_MODE = wholemodule;
				SWIFT_OPTIMIZATION_LEVEL = "-O";
				VALIDATE_PRODUCT = YES;
			};
			name = Release;
		};
		D87EDF8928859D1A00999DE6 /* Debug */ = {
			isa = XCBuildConfiguration;
			buildSettings = {
				ASSETCATALOG_COMPILER_APPICON_NAME = AppIcon;
				ASSETCATALOG_COMPILER_GLOBAL_ACCENT_COLOR_NAME = AccentColor;
				CODE_SIGN_STYLE = Automatic;
				CURRENT_PROJECT_VERSION = 1;
				DEVELOPMENT_ASSET_PATHS = "\"Billboardoo/Preview Content\"";
				ENABLE_PREVIEWS = YES;
				GENERATE_INFOPLIST_FILE = YES;
				INFOPLIST_KEY_UIApplicationSceneManifest_Generation = YES;
				INFOPLIST_KEY_UIApplicationSupportsIndirectInputEvents = YES;
				INFOPLIST_KEY_UILaunchScreen_Generation = YES;
				INFOPLIST_KEY_UISupportedInterfaceOrientations_iPad = "UIInterfaceOrientationPortrait UIInterfaceOrientationPortraitUpsideDown UIInterfaceOrientationLandscapeLeft UIInterfaceOrientationLandscapeRight";
				INFOPLIST_KEY_UISupportedInterfaceOrientations_iPhone = "UIInterfaceOrientationPortrait UIInterfaceOrientationLandscapeLeft UIInterfaceOrientationLandscapeRight";
				LD_RUNPATH_SEARCH_PATHS = (
					"$(inherited)",
					"@executable_path/Frameworks",
				);
				MARKETING_VERSION = 1.0;
				PRODUCT_BUNDLE_IDENTIFIER = yongbeomkwak.Billboardoo;
				PRODUCT_NAME = "$(TARGET_NAME)";
				SWIFT_EMIT_LOC_STRINGS = YES;
				SWIFT_VERSION = 5.0;
				TARGETED_DEVICE_FAMILY = "1,2";
			};
			name = Debug;
		};
		D87EDF8A28859D1A00999DE6 /* Release */ = {
			isa = XCBuildConfiguration;
			buildSettings = {
				ASSETCATALOG_COMPILER_APPICON_NAME = AppIcon;
				ASSETCATALOG_COMPILER_GLOBAL_ACCENT_COLOR_NAME = AccentColor;
				CODE_SIGN_STYLE = Automatic;
				CURRENT_PROJECT_VERSION = 1;
				DEVELOPMENT_ASSET_PATHS = "\"Billboardoo/Preview Content\"";
				ENABLE_PREVIEWS = YES;
				GENERATE_INFOPLIST_FILE = YES;
				INFOPLIST_KEY_UIApplicationSceneManifest_Generation = YES;
				INFOPLIST_KEY_UIApplicationSupportsIndirectInputEvents = YES;
				INFOPLIST_KEY_UILaunchScreen_Generation = YES;
				INFOPLIST_KEY_UISupportedInterfaceOrientations_iPad = "UIInterfaceOrientationPortrait UIInterfaceOrientationPortraitUpsideDown UIInterfaceOrientationLandscapeLeft UIInterfaceOrientationLandscapeRight";
				INFOPLIST_KEY_UISupportedInterfaceOrientations_iPhone = "UIInterfaceOrientationPortrait UIInterfaceOrientationLandscapeLeft UIInterfaceOrientationLandscapeRight";
				LD_RUNPATH_SEARCH_PATHS = (
					"$(inherited)",
					"@executable_path/Frameworks",
				);
				MARKETING_VERSION = 1.0;
				PRODUCT_BUNDLE_IDENTIFIER = yongbeomkwak.Billboardoo;
				PRODUCT_NAME = "$(TARGET_NAME)";
				SWIFT_EMIT_LOC_STRINGS = YES;
				SWIFT_VERSION = 5.0;
				TARGETED_DEVICE_FAMILY = "1,2";
			};
			name = Release;
		};
		D87EDF8C28859D1A00999DE6 /* Debug */ = {
			isa = XCBuildConfiguration;
			buildSettings = {
				ALWAYS_EMBED_SWIFT_STANDARD_LIBRARIES = YES;
				BUNDLE_LOADER = "$(TEST_HOST)";
				CODE_SIGN_STYLE = Automatic;
				CURRENT_PROJECT_VERSION = 1;
				GENERATE_INFOPLIST_FILE = YES;
				IPHONEOS_DEPLOYMENT_TARGET = 15.5;
				MARKETING_VERSION = 1.0;
				PRODUCT_BUNDLE_IDENTIFIER = yongbeomkwak.BillboardooTests;
				PRODUCT_NAME = "$(TARGET_NAME)";
				SWIFT_EMIT_LOC_STRINGS = NO;
				SWIFT_VERSION = 5.0;
				TARGETED_DEVICE_FAMILY = "1,2";
				TEST_HOST = "$(BUILT_PRODUCTS_DIR)/Billboardoo.app/Billboardoo";
			};
			name = Debug;
		};
		D87EDF8D28859D1A00999DE6 /* Release */ = {
			isa = XCBuildConfiguration;
			buildSettings = {
				ALWAYS_EMBED_SWIFT_STANDARD_LIBRARIES = YES;
				BUNDLE_LOADER = "$(TEST_HOST)";
				CODE_SIGN_STYLE = Automatic;
				CURRENT_PROJECT_VERSION = 1;
				GENERATE_INFOPLIST_FILE = YES;
				IPHONEOS_DEPLOYMENT_TARGET = 15.5;
				MARKETING_VERSION = 1.0;
				PRODUCT_BUNDLE_IDENTIFIER = yongbeomkwak.BillboardooTests;
				PRODUCT_NAME = "$(TARGET_NAME)";
				SWIFT_EMIT_LOC_STRINGS = NO;
				SWIFT_VERSION = 5.0;
				TARGETED_DEVICE_FAMILY = "1,2";
				TEST_HOST = "$(BUILT_PRODUCTS_DIR)/Billboardoo.app/Billboardoo";
			};
			name = Release;
		};
		D87EDF8F28859D1A00999DE6 /* Debug */ = {
			isa = XCBuildConfiguration;
			buildSettings = {
				ALWAYS_EMBED_SWIFT_STANDARD_LIBRARIES = YES;
				CODE_SIGN_STYLE = Automatic;
				CURRENT_PROJECT_VERSION = 1;
				GENERATE_INFOPLIST_FILE = YES;
				MARKETING_VERSION = 1.0;
				PRODUCT_BUNDLE_IDENTIFIER = yongbeomkwak.BillboardooUITests;
				PRODUCT_NAME = "$(TARGET_NAME)";
				SWIFT_EMIT_LOC_STRINGS = NO;
				SWIFT_VERSION = 5.0;
				TARGETED_DEVICE_FAMILY = "1,2";
				TEST_TARGET_NAME = Billboardoo;
			};
			name = Debug;
		};
		D87EDF9028859D1A00999DE6 /* Release */ = {
			isa = XCBuildConfiguration;
			buildSettings = {
				ALWAYS_EMBED_SWIFT_STANDARD_LIBRARIES = YES;
				CODE_SIGN_STYLE = Automatic;
				CURRENT_PROJECT_VERSION = 1;
				GENERATE_INFOPLIST_FILE = YES;
				MARKETING_VERSION = 1.0;
				PRODUCT_BUNDLE_IDENTIFIER = yongbeomkwak.BillboardooUITests;
				PRODUCT_NAME = "$(TARGET_NAME)";
				SWIFT_EMIT_LOC_STRINGS = NO;
				SWIFT_VERSION = 5.0;
				TARGETED_DEVICE_FAMILY = "1,2";
				TEST_TARGET_NAME = Billboardoo;
			};
			name = Release;
		};
/* End XCBuildConfiguration section */

/* Begin XCConfigurationList section */
		D87EDF5F28859D1900999DE6 /* Build configuration list for PBXProject "Billboardoo" */ = {
			isa = XCConfigurationList;
			buildConfigurations = (
				D87EDF8628859D1A00999DE6 /* Debug */,
				D87EDF8728859D1A00999DE6 /* Release */,
			);
			defaultConfigurationIsVisible = 0;
			defaultConfigurationName = Release;
		};
		D87EDF8828859D1A00999DE6 /* Build configuration list for PBXNativeTarget "Billboardoo" */ = {
			isa = XCConfigurationList;
			buildConfigurations = (
				D87EDF8928859D1A00999DE6 /* Debug */,
				D87EDF8A28859D1A00999DE6 /* Release */,
			);
			defaultConfigurationIsVisible = 0;
			defaultConfigurationName = Release;
		};
		D87EDF8B28859D1A00999DE6 /* Build configuration list for PBXNativeTarget "BillboardooTests" */ = {
			isa = XCConfigurationList;
			buildConfigurations = (
				D87EDF8C28859D1A00999DE6 /* Debug */,
				D87EDF8D28859D1A00999DE6 /* Release */,
			);
			defaultConfigurationIsVisible = 0;
			defaultConfigurationName = Release;
		};
		D87EDF8E28859D1A00999DE6 /* Build configuration list for PBXNativeTarget "BillboardooUITests" */ = {
			isa = XCConfigurationList;
			buildConfigurations = (
				D87EDF8F28859D1A00999DE6 /* Debug */,
				D87EDF9028859D1A00999DE6 /* Release */,
			);
			defaultConfigurationIsVisible = 0;
			defaultConfigurationName = Release;
		};
/* End XCConfigurationList section */
	};
	rootObject = D87EDF5C28859D1900999DE6 /* Project object */;
}
